
Microsoft Visual Studio Solution File, Format Version 12.00
Project("{FAE04EC0-301F-11D3-BF4B-00C04F79EFBC}") = "Domain", "Domain\Domain.csproj", "{969A8952-571D-468A-9764-06BF7DE259AA}"
EndProject
Project("{FAE04EC0-301F-11D3-BF4B-00C04F79EFBC}") = "Application", "Application\Application.csproj", "{600F8BBE-B2E6-4234-98CC-DFA0F9F587F8}"
EndProject
Project("{2150E333-8FDC-42A3-9474-1A3956D46DE8}") = "src", "src", "{799244C4-2654-411E-BE46-51D04CC41408}"
EndProject
Project("{2150E333-8FDC-42A3-9474-1A3956D46DE8}") = "Tests", "Tests", "{475394C4-5BBD-4439-B5D0-1A21DC834FFA}"
EndProject
Project("{FAE04EC0-301F-11D3-BF4B-00C04F79EFBC}") = "ApplicationTests", "ApplicationTests\ApplicationTests.csproj", "{0C76E194-137E-4C94-BBD3-516A8A488C2D}"
EndProject
Project("{2150E333-8FDC-42A3-9474-1A3956D46DE8}") = "Core", "Core", "{DC4DB85F-A4F8-43FB-8183-7CE81ABCA2A8}"
EndProject
Project("{FAE04EC0-301F-11D3-BF4B-00C04F79EFBC}") = "Persistance", "Persistance\Persistance.csproj", "{F2948A1E-8D4F-458E-AE4D-9DC426CE6BAD}"
EndProject
Project("{2150E333-8FDC-42A3-9474-1A3956D46DE8}") = "Infrastructure", "Infrastructure", "{8EEBF1A9-4F36-4410-9D90-9C8607CA1BE3}"
EndProject
Project("{FAE04EC0-301F-11D3-BF4B-00C04F79EFBC}") = "API", "API\API.csproj", "{09486356-D240-4BD7-9708-AC03163C2001}"
EndProject
Global
	GlobalSection(SolutionConfigurationPlatforms) = preSolution
		Debug|Any CPU = Debug|Any CPU
		Release|Any CPU = Release|Any CPU
	EndGlobalSection
	GlobalSection(ProjectConfigurationPlatforms) = postSolution
		{969A8952-571D-468A-9764-06BF7DE259AA}.Debug|Any CPU.ActiveCfg = Debug|Any CPU
		{969A8952-571D-468A-9764-06BF7DE259AA}.Debug|Any CPU.Build.0 = Debug|Any CPU
		{969A8952-571D-468A-9764-06BF7DE259AA}.Release|Any CPU.ActiveCfg = Release|Any CPU
		{969A8952-571D-468A-9764-06BF7DE259AA}.Release|Any CPU.Build.0 = Release|Any CPU
		{600F8BBE-B2E6-4234-98CC-DFA0F9F587F8}.Debug|Any CPU.ActiveCfg = Debug|Any CPU
		{600F8BBE-B2E6-4234-98CC-DFA0F9F587F8}.Debug|Any CPU.Build.0 = Debug|Any CPU
		{600F8BBE-B2E6-4234-98CC-DFA0F9F587F8}.Release|Any CPU.ActiveCfg = Release|Any CPU
		{600F8BBE-B2E6-4234-98CC-DFA0F9F587F8}.Release|Any CPU.Build.0 = Release|Any CPU
		{0C76E194-137E-4C94-BBD3-516A8A488C2D}.Debug|Any CPU.ActiveCfg = Debug|Any CPU
		{0C76E194-137E-4C94-BBD3-516A8A488C2D}.Debug|Any CPU.Build.0 = Debug|Any CPU
		{0C76E194-137E-4C94-BBD3-516A8A488C2D}.Release|Any CPU.ActiveCfg = Release|Any CPU
		{0C76E194-137E-4C94-BBD3-516A8A488C2D}.Release|Any CPU.Build.0 = Release|Any CPU
		{F2948A1E-8D4F-458E-AE4D-9DC426CE6BAD}.Debug|Any CPU.ActiveCfg = Debug|Any CPU
		{F2948A1E-8D4F-458E-AE4D-9DC426CE6BAD}.Debug|Any CPU.Build.0 = Debug|Any CPU
		{F2948A1E-8D4F-458E-AE4D-9DC426CE6BAD}.Release|Any CPU.ActiveCfg = Release|Any CPU
		{F2948A1E-8D4F-458E-AE4D-9DC426CE6BAD}.Release|Any CPU.Build.0 = Release|Any CPU
		{09486356-D240-4BD7-9708-AC03163C2001}.Debug|Any CPU.ActiveCfg = Debug|Any CPU
		{09486356-D240-4BD7-9708-AC03163C2001}.Debug|Any CPU.Build.0 = Debug|Any CPU
		{09486356-D240-4BD7-9708-AC03163C2001}.Release|Any CPU.ActiveCfg = Release|Any CPU
		{09486356-D240-4BD7-9708-AC03163C2001}.Release|Any CPU.Build.0 = Release|Any CPU
	EndGlobalSection
	GlobalSection(NestedProjects) = preSolution
		{0C76E194-137E-4C94-BBD3-516A8A488C2D} = {475394C4-5BBD-4439-B5D0-1A21DC834FFA}
		{DC4DB85F-A4F8-43FB-8183-7CE81ABCA2A8} = {799244C4-2654-411E-BE46-51D04CC41408}
		{600F8BBE-B2E6-4234-98CC-DFA0F9F587F8} = {DC4DB85F-A4F8-43FB-8183-7CE81ABCA2A8}
		{969A8952-571D-468A-9764-06BF7DE259AA} = {DC4DB85F-A4F8-43FB-8183-7CE81ABCA2A8}
		{8EEBF1A9-4F36-4410-9D90-9C8607CA1BE3} = {799244C4-2654-411E-BE46-51D04CC41408}
		{F2948A1E-8D4F-458E-AE4D-9DC426CE6BAD} = {8EEBF1A9-4F36-4410-9D90-9C8607CA1BE3}
		{09486356-D240-4BD7-9708-AC03163C2001} = {799244C4-2654-411E-BE46-51D04CC41408}
	EndGlobalSection
EndGlobal
